{
  "name": "agario-config",
  "version": "0.0.0",
  "lockfileVersion": 1,
  "requires": true,
  "dependencies": {
    "axios": {
      "version": "0.21.1",
      "resolved": "https://registry.npmjs.org/axios/-/axios-0.21.1.tgz",
      "integrity": "sha512-dKQiRHxGD9PPRIUNIWvZhPTPpl1rf/OxTYKsqKUDjBwYylTvV7SjSHJb9ratfyzM6wCdLCOYLzs73qpg5c4iGA==",
      "requires": {
        "follow-redirects": "^1.10.0"
      }
    },
    "follow-redirects": {
      "version": "1.13.1",
      "resolved": "https://registry.npmjs.org/follow-redirects/-/follow-redirects-1.13.1.tgz",
      "integrity": "sha512-SSG5xmZh1mkPGyKzjZP8zLjltIfpW32Y5QpdNJyjcfGxK3qo3NDDkZOZSFiGn1A6SclQxY9GzEwAHQ3dmYRWpg=="
    },
    "fs-then-native": {
      "version": "2.0.0",
      "resolved": "https://registry.npmjs.org/fs-then-native/-/fs-then-native-2.0.0.tgz",
      "integrity": "sha1-GaEk2U2QwiyOBF8ujdbr6jbUjGc=",
      "dev": true
    },
    "items-promise": {
      "version": "1.0.0",
      "resolved": "https://registry.npmjs.org/items-promise/-/items-promise-1.0.0.tgz",
      "integrity": "sha512-t+3w4E51IlviTn1b/gesEsH9Jf0gEs2+VhSbwgMaVyK2IxXYSwZkL6sOmr+FBhMT0sSFzcc4Rn5X7sz6NvS2GQ==",
      "dev": true
    },
    "json5": {
      "version": "0.5.1",
      "resolved": "https://registry.npmjs.org/json5/-/json5-0.5.1.tgz",
      "integrity": "sha1-Hq3nrMASA0rYTiOWdn6tn6VJWCE="
    }
  }
}
